
Microsoft Visual Studio Solution File, Format Version 12.00
# Visual Studio 14
VisualStudioVersion = 14.0.25420.1
MinimumVisualStudioVersion = 10.0.40219.1
Project("{FAE04EC0-301F-11D3-BF4B-00C04F79EFBC}") = "Unicorn.Net", "src\Unicorn.Net\Unicorn.Net.csproj", "{76BB51AD-3473-49B1-871E-96CDD366078A}"
EndProject
Project("{FAE04EC0-301F-11D3-BF4B-00C04F79EFBC}") = "Unicorn.Net.ConsoleTests", "src\Unicorn.Net.ConsoleTests\Unicorn.Net.ConsoleTests.csproj", "{67AAEB9A-8964-4B13-94A8-AC0135D171AA}"
EndProject
Project("{FAE04EC0-301F-11D3-BF4B-00C04F79EFBC}") = "Unicorn.Net.Samples.x86", "samples\Unicorn.Net.Samples.x86\Unicorn.Net.Samples.x86.csproj", "{0316C62F-7453-4386-BC0F-FE22956AEC24}"
EndProject
Project("{FAE04EC0-301F-11D3-BF4B-00C04F79EFBC}") = "Unicorn.Net.Samples.Shellcode", "samples\Unicorn.Net.Samples.Shellcode\Unicorn.Net.Samples.Shellcode.csproj", "{725EC102-E74D-4D56-A827-C1750CDD97E9}"
EndProject
Project("{FAE04EC0-301F-11D3-BF4B-00C04F79EFBC}") = "Unicorn.Net.Samples.ARM", "samples\Unicorn.Net.Samples.Arm\Unicorn.Net.Samples.ARM.csproj", "{FA584EA7-B554-4C8F-8C7E-DECF28630856}"
EndProject
Project("{FAE04EC0-301F-11D3-BF4B-00C04F79EFBC}") = "Unicorn.Net.Samples.MIPS", "samples\Unicorn.Net.Samples.Mips\Unicorn.Net.Samples.MIPS.csproj", "{9EDD021C-3265-415B-8F26-9A4FBD26F9D7}"
EndProject
Global
	GlobalSection(SolutionConfigurationPlatforms) = preSolution
		Debug|Any CPU = Debug|Any CPU
		Release|Any CPU = Release|Any CPU
	EndGlobalSection
	GlobalSection(ProjectConfigurationPlatforms) = postSolution
		{76BB51AD-3473-49B1-871E-96CDD366078A}.Debug|Any CPU.ActiveCfg = Debug|Any CPU
		{76BB51AD-3473-49B1-871E-96CDD366078A}.Debug|Any CPU.Build.0 = Debug|Any CPU
		{76BB51AD-3473-49B1-871E-96CDD366078A}.Release|Any CPU.ActiveCfg = Release|Any CPU
		{76BB51AD-3473-49B1-871E-96CDD366078A}.Release|Any CPU.Build.0 = Release|Any CPU
		{67AAEB9A-8964-4B13-94A8-AC0135D171AA}.Debug|Any CPU.ActiveCfg = Debug|Any CPU
		{67AAEB9A-8964-4B13-94A8-AC0135D171AA}.Debug|Any CPU.Build.0 = Debug|Any CPU
		{67AAEB9A-8964-4B13-94A8-AC0135D171AA}.Release|Any CPU.ActiveCfg = Release|Any CPU
		{67AAEB9A-8964-4B13-94A8-AC0135D171AA}.Release|Any CPU.Build.0 = Release|Any CPU
		{0316C62F-7453-4386-BC0F-FE22956AEC24}.Debug|Any CPU.ActiveCfg = Debug|Any CPU
		{0316C62F-7453-4386-BC0F-FE22956AEC24}.Debug|Any CPU.Build.0 = Debug|Any CPU
		{0316C62F-7453-4386-BC0F-FE22956AEC24}.Release|Any CPU.ActiveCfg = Release|Any CPU
		{0316C62F-7453-4386-BC0F-FE22956AEC24}.Release|Any CPU.Build.0 = Release|Any CPU
		{725EC102-E74D-4D56-A827-C1750CDD97E9}.Debug|Any CPU.ActiveCfg = Debug|Any CPU
		{725EC102-E74D-4D56-A827-C1750CDD97E9}.Debug|Any CPU.Build.0 = Debug|Any CPU
		{725EC102-E74D-4D56-A827-C1750CDD97E9}.Release|Any CPU.ActiveCfg = Release|Any CPU
		{725EC102-E74D-4D56-A827-C1750CDD97E9}.Release|Any CPU.Build.0 = Release|Any CPU
		{FA584EA7-B554-4C8F-8C7E-DECF28630856}.Debug|Any CPU.ActiveCfg = Debug|Any CPU
		{FA584EA7-B554-4C8F-8C7E-DECF28630856}.Debug|Any CPU.Build.0 = Debug|Any CPU
		{FA584EA7-B554-4C8F-8C7E-DECF28630856}.Release|Any CPU.ActiveCfg = Release|Any CPU
		{FA584EA7-B554-4C8F-8C7E-DECF28630856}.Release|Any CPU.Build.0 = Release|Any CPU
		{9EDD021C-3265-415B-8F26-9A4FBD26F9D7}.Debug|Any CPU.ActiveCfg = Debug|Any CPU
		{9EDD021C-3265-415B-8F26-9A4FBD26F9D7}.Debug|Any CPU.Build.0 = Debug|Any CPU
		{9EDD021C-3265-415B-8F26-9A4FBD26F9D7}.Release|Any CPU.ActiveCfg = Release|Any CPU
		{9EDD021C-3265-415B-8F26-9A4FBD26F9D7}.Release|Any CPU.Build.0 = Release|Any CPU
	EndGlobalSection
	GlobalSection(SolutionProperties) = preSolution
		HideSolutionNode = FALSE
	EndGlobalSection
EndGlobal
